
Microsoft Visual Studio Solution File, Format Version 12.00
# Visual Studio Version 16
VisualStudioVersion = 16.0.29009.5
MinimumVisualStudioVersion = 10.0.40219.1
Project("{FAE04EC0-301F-11D3-BF4B-00C04F79EFBC}") = "WebApplication1", "WebApplication1\WebApplication1.csproj", "{D27E689F-E355-4797-AB4C-61E268115F47}"
EndProject
Global
	GlobalSection(SolutionConfigurationPlatforms) = preSolution
		Debug|Any CPU = Debug|Any CPU
		Release|Any CPU = Release|Any CPU
	EndGlobalSection
	GlobalSection(ProjectConfigurationPlatforms) = postSolution
		{D27E689F-E355-4797-AB4C-61E268115F47}.Debug|Any CPU.ActiveCfg = Debug|Any CPU
		{D27E689F-E355-4797-AB4C-61E268115F47}.Debug|Any CPU.Build.0 = Debug|Any CPU
		{D27E689F-E355-4797-AB4C-61E268115F47}.Release|Any CPU.ActiveCfg = Release|Any CPU
		{D27E689F-E355-4797-AB4C-61E268115F47}.Release|Any CPU.Build.0 = Release|Any CPU
	EndGlobalSection
	GlobalSection(SolutionProperties) = preSolution
		HideSolutionNode = FALSE
	EndGlobalSection
	GlobalSection(ExtensibilityGlobals) = postSolution
		SolutionGuid = {87333F0A-5424-4104-A563-863C185788EE}
	EndGlobalSection
EndGlobal
